github.com/MicahParks/keyfunc v1.5.1 h1:RlyyYgKQI/adkIw1yXYtPvTAOb7hBhSX42aH23d8N0Q=
github.com/MicahParks/keyfunc v1.5.1/go.mod h1:IdnCilugA0O/99dW+/MkvlyrsX8+L8+x95xuVNtM5jw=
github.com/golang-jwt/jwt/v4 v4.4.2 h1:rcc4lwaZgFMCZ5jxF9ABolDcIHdBytAFgqFPbSJQAYs=
github.com/golang-jwt/jwt/v4 v4.4.2/go.mod h1:m21LjoU+eqJr34lmDMbreY2eSTRJ1cv77w39/MY0Ch0=
